// !$*UTF8*$!
{
	archiveVersion = 1;
	classes = {
	};
	objectVersion = 46;
	objects = {

/* Begin PBXBuildFile section */
		EFAA18E21A356788004300CC /* main.m in Sources */ = {isa = PBXBuildFile; fileRef = EFAA18E11A356788004300CC /* main.m */; };
		EFAA18F01A356788004300CC /* Images.xcassets in Resources */ = {isa = PBXBuildFile; fileRef = EFAA18EF1A356788004300CC /* Images.xcassets */; };
		EFAA18F31A356788004300CC /* LaunchScreen.xib in Resources */ = {isa = PBXBuildFile; fileRef = EFAA18F11A356788004300CC /* LaunchScreen.xib */; };
		EFAA18FF1A356788004300CC /* DeveloperTestTests.m in Sources */ = {isa = PBXBuildFile; fileRef = EFAA18FE1A356788004300CC /* DeveloperTestTests.m */; };
		EFAA19191A357624004300CC /* StoreTableViewController.m in Sources */ = {isa = PBXBuildFile; fileRef = EFAA19181A357624004300CC /* StoreTableViewController.m */; };
		EFAA191C1A357647004300CC /* StoreDetailsViewController.m in Sources */ = {isa = PBXBuildFile; fileRef = EFAA191B1A357647004300CC /* StoreDetailsViewController.m */; };
		EFAA191F1A35765D004300CC /* WebViewController.m in Sources */ = {isa = PBXBuildFile; fileRef = EFAA191E1A35765D004300CC /* WebViewController.m */; };
		EFAA19231A3584FF004300CC /* DeveloperTestModel.xcdatamodel in Sources */ = {isa = PBXBuildFile; fileRef = EFAA19221A3584FF004300CC /* DeveloperTestModel.xcdatamodel */; };
		EFAA19261A358543004300CC /* Store.m in Sources */ = {isa = PBXBuildFile; fileRef = EFAA19251A358543004300CC /* Store.m */; };
		EFAA19441A35CF33004300CC /* StoreFetcher.m in Sources */ = {isa = PBXBuildFile; fileRef = EFAA19401A35CF33004300CC /* StoreFetcher.m */; };
		EFAA19451A35CF33004300CC /* Store+Create.m in Sources */ = {isa = PBXBuildFile; fileRef = EFAA19411A35CF33004300CC /* Store+Create.m */; };
		EFAA19461A35CF33004300CC /* ImageFetcher.m in Sources */ = {isa = PBXBuildFile; fileRef = EFAA19421A35CF33004300CC /* ImageFetcher.m */; };
		EFAA19471A35CF33004300CC /* Notifications.m in Sources */ = {isa = PBXBuildFile; fileRef = EFAA19431A35CF33004300CC /* Notifications.m */; };
		EFAA19581A36BD30004300CC /* AppDelegate.m in Sources */ = {isa = PBXBuildFile; fileRef = EFAA19561A36BD30004300CC /* AppDelegate.m */; };
		EFAA195B1A371E61004300CC /* Localizable.strings in Resources */ = {isa = PBXBuildFile; fileRef = EFAA195A1A371E61004300CC /* Localizable.strings */; };
		EFAA195F1A382E11004300CC /* StoreTableViewCell.m in Sources */ = {isa = PBXBuildFile; fileRef = EFAA195D1A382E11004300CC /* StoreTableViewCell.m */; };
		EFAA19601A382E11004300CC /* StoreTableViewCell.xib in Resources */ = {isa = PBXBuildFile; fileRef = EFAA195E1A382E11004300CC /* StoreTableViewCell.xib */; };
		EFAA19641A383D60004300CC /* WebViewController.xib in Resources */ = {isa = PBXBuildFile; fileRef = EFAA19611A383D60004300CC /* WebViewController.xib */; };
		EFAA19651A383D60004300CC /* StoreTableViewController.xib in Resources */ = {isa = PBXBuildFile; fileRef = EFAA19621A383D60004300CC /* StoreTableViewController.xib */; };
		EFAA19661A383D60004300CC /* StoreDetailsViewController.xib in Resources */ = {isa = PBXBuildFile; fileRef = EFAA19631A383D60004300CC /* StoreDetailsViewController.xib */; };
/* End PBXBuildFile section */

/* Begin PBXContainerItemProxy section */
		EFAA18F91A356788004300CC /* PBXContainerItemProxy */ = {
			isa = PBXContainerItemProxy;
			containerPortal = EFAA18D41A356788004300CC /* Project object */;
			proxyType = 1;
			remoteGlobalIDString = EFAA18DB1A356788004300CC;
			remoteInfo = DeveloperTest;
		};
/* End PBXContainerItemProxy section */

/* Begin PBXFileReference section */
		EFAA18DC1A356788004300CC /* DeveloperTest.app */ = {isa = PBXFileReference; explicitFileType = wrapper.application; includeInIndex = 0; path = DeveloperTest.app; sourceTree = BUILT_PRODUCTS_DIR; };
		EFAA18E01A356788004300CC /* Info.plist */ = {isa = PBXFileReference; lastKnownFileType = text.plist.xml; path = Info.plist; sourceTree = "<group>"; };
		EFAA18E11A356788004300CC /* main.m */ = {isa = PBXFileReference; lastKnownFileType = sourcecode.c.objc; path = main.m; sourceTree = "<group>"; };
		EFAA18EF1A356788004300CC /* Images.xcassets */ = {isa = PBXFileReference; lastKnownFileType = folder.assetcatalog; path = Images.xcassets; sourceTree = "<group>"; };
		EFAA18F21A356788004300CC /* Base */ = {isa = PBXFileReference; lastKnownFileType = file.xib; name = Base; path = Base.lproj/LaunchScreen.xib; sourceTree = "<group>"; };
		EFAA18F81A356788004300CC /* DeveloperTestTests.xctest */ = {isa = PBXFileReference; explicitFileType = wrapper.cfbundle; includeInIndex = 0; path = DeveloperTestTests.xctest; sourceTree = BUILT_PRODUCTS_DIR; };
		EFAA18FD1A356788004300CC /* Info.plist */ = {isa = PBXFileReference; lastKnownFileType = text.plist.xml; path = Info.plist; sourceTree = "<group>"; };
		EFAA18FE1A356788004300CC /* DeveloperTestTests.m */ = {isa = PBXFileReference; lastKnownFileType = sourcecode.c.objc; path = DeveloperTestTests.m; sourceTree = "<group>"; };
		EFAA19171A357624004300CC /* StoreTableViewController.h */ = {isa = PBXFileReference; fileEncoding = 4; lastKnownFileType = sourcecode.c.h; name = StoreTableViewController.h; path = Controller/StoreTableViewController.h; sourceTree = "<group>"; };
		EFAA19181A357624004300CC /* StoreTableViewController.m */ = {isa = PBXFileReference; fileEncoding = 4; lastKnownFileType = sourcecode.c.objc; name = StoreTableViewController.m; path = Controller/StoreTableViewController.m; sourceTree = "<group>"; };
		EFAA191A1A357647004300CC /* StoreDetailsViewController.h */ = {isa = PBXFileReference; fileEncoding = 4; lastKnownFileType = sourcecode.c.h; name = StoreDetailsViewController.h; path = Controller/StoreDetailsViewController.h; sourceTree = "<group>"; };
		EFAA191B1A357647004300CC /* StoreDetailsViewController.m */ = {isa = PBXFileReference; fileEncoding = 4; lastKnownFileType = sourcecode.c.objc; name = StoreDetailsViewController.m; path = Controller/StoreDetailsViewController.m; sourceTree = "<group>"; };
		EFAA191D1A35765D004300CC /* WebViewController.h */ = {isa = PBXFileReference; fileEncoding = 4; lastKnownFileType = sourcecode.c.h; name = WebViewController.h; path = Controller/WebViewController.h; sourceTree = "<group>"; };
		EFAA191E1A35765D004300CC /* WebViewController.m */ = {isa = PBXFileReference; fileEncoding = 4; lastKnownFileType = sourcecode.c.objc; name = WebViewController.m; path = Controller/WebViewController.m; sourceTree = "<group>"; };
		EFAA19221A3584FF004300CC /* DeveloperTestModel.xcdatamodel */ = {isa = PBXFileReference; lastKnownFileType = wrapper.xcdatamodel; path = DeveloperTestModel.xcdatamodel; sourceTree = "<group>"; };
		EFAA19241A358543004300CC /* Store.h */ = {isa = PBXFileReference; fileEncoding = 4; lastKnownFileType = sourcecode.c.h; name = Store.h; path = Model/Store.h; sourceTree = "<group>"; };
		EFAA19251A358543004300CC /* Store.m */ = {isa = PBXFileReference; fileEncoding = 4; lastKnownFileType = sourcecode.c.objc; name = Store.m; path = Model/Store.m; sourceTree = "<group>"; };
		EFAA193C1A35CF33004300CC /* ImageFetcher.h */ = {isa = PBXFileReference; fileEncoding = 4; lastKnownFileType = sourcecode.c.h; name = ImageFetcher.h; path = Model/ImageFetcher.h; sourceTree = "<group>"; };
		EFAA193D1A35CF33004300CC /* Notifications.h */ = {isa = PBXFileReference; fileEncoding = 4; lastKnownFileType = sourcecode.c.h; name = Notifications.h; path = Model/Notifications.h; sourceTree = "<group>"; };
		EFAA193E1A35CF33004300CC /* Store+Create.h */ = {isa = PBXFileReference; fileEncoding = 4; lastKnownFileType = sourcecode.c.h; name = "Store+Create.h"; path = "Model/Store+Create.h"; sourceTree = "<group>"; };
		EFAA193F1A35CF33004300CC /* StoreFetcher.h */ = {isa = PBXFileReference; fileEncoding = 4; lastKnownFileType = sourcecode.c.h; name = StoreFetcher.h; path = Model/StoreFetcher.h; sourceTree = "<group>"; };
		EFAA19401A35CF33004300CC /* StoreFetcher.m */ = {isa = PBXFileReference; fileEncoding = 4; lastKnownFileType = sourcecode.c.objc; name = StoreFetcher.m; path = Model/StoreFetcher.m; sourceTree = "<group>"; };
		EFAA19411A35CF33004300CC /* Store+Create.m */ = {isa = PBXFileReference; fileEncoding = 4; lastKnownFileType = sourcecode.c.objc; name = "Store+Create.m"; path = "Model/Store+Create.m"; sourceTree = "<group>"; };
		EFAA19421A35CF33004300CC /* ImageFetcher.m */ = {isa = PBXFileReference; fileEncoding = 4; lastKnownFileType = sourcecode.c.objc; name = ImageFetcher.m; path = Model/ImageFetcher.m; sourceTree = "<group>"; };
		EFAA19431A35CF33004300CC /* Notifications.m */ = {isa = PBXFileReference; fileEncoding = 4; lastKnownFileType = sourcecode.c.objc; name = Notifications.m; path = Model/Notifications.m; sourceTree = "<group>"; };
		EFAA19561A36BD30004300CC /* AppDelegate.m */ = {isa = PBXFileReference; fileEncoding = 4; lastKnownFileType = sourcecode.c.objc; path = AppDelegate.m; sourceTree = "<group>"; };
		EFAA19571A36BD30004300CC /* AppDelegate.h */ = {isa = PBXFileReference; fileEncoding = 4; lastKnownFileType = sourcecode.c.h; path = AppDelegate.h; sourceTree = "<group>"; };
		EFAA19591A371E43004300CC /* LocalizedStrings.h */ = {isa = PBXFileReference; lastKnownFileType = sourcecode.c.h; path = LocalizedStrings.h; sourceTree = "<group>"; };
		EFAA195A1A371E61004300CC /* Localizable.strings */ = {isa = PBXFileReference; fileEncoding = 4; lastKnownFileType = text.plist.strings; path = Localizable.strings; sourceTree = "<group>"; };
		EFAA195C1A382E11004300CC /* StoreTableViewCell.h */ = {isa = PBXFileReference; fileEncoding = 4; lastKnownFileType = sourcecode.c.h; name = StoreTableViewCell.h; path = View/StoreTableViewCell.h; sourceTree = "<group>"; };
		EFAA195D1A382E11004300CC /* StoreTableViewCell.m */ = {isa = PBXFileReference; fileEncoding = 4; lastKnownFileType = sourcecode.c.objc; name = StoreTableViewCell.m; path = View/StoreTableViewCell.m; sourceTree = "<group>"; };
		EFAA195E1A382E11004300CC /* StoreTableViewCell.xib */ = {isa = PBXFileReference; fileEncoding = 4; lastKnownFileType = file.xib; name = StoreTableViewCell.xib; path = View/StoreTableViewCell.xib; sourceTree = "<group>"; };
		EFAA19611A383D60004300CC /* WebViewController.xib */ = {isa = PBXFileReference; fileEncoding = 4; lastKnownFileType = file.xib; name = WebViewController.xib; path = Controller/WebViewController.xib; sourceTree = "<group>"; };
		EFAA19621A383D60004300CC /* StoreTableViewController.xib */ = {isa = PBXFileReference; fileEncoding = 4; lastKnownFileType = file.xib; name = StoreTableViewController.xib; path = Controller/StoreTableViewController.xib; sourceTree = "<group>"; };
		EFAA19631A383D60004300CC /* StoreDetailsViewController.xib */ = {isa = PBXFileReference; fileEncoding = 4; lastKnownFileType = file.xib; name = StoreDetailsViewController.xib; path = Controller/StoreDetailsViewController.xib; sourceTree = "<group>"; };
/* End PBXFileReference section */

/* Begin PBXFrameworksBuildPhase section */
		EFAA18D91A356788004300CC /* Frameworks */ = {
			isa = PBXFrameworksBuildPhase;
			buildActionMask = 2147483647;
			files = (
			);
			runOnlyForDeploymentPostprocessing = 0;
		};
		EFAA18F51A356788004300CC /* Frameworks */ = {
			isa = PBXFrameworksBuildPhase;
			buildActionMask = 2147483647;
			files = (
			);
			runOnlyForDeploymentPostprocessing = 0;
		};
/* End PBXFrameworksBuildPhase section */

/* Begin PBXGroup section */
		EFAA18D31A356788004300CC = {
			isa = PBXGroup;
			children = (
				EFAA18DE1A356788004300CC /* DeveloperTest */,
				EFAA18FB1A356788004300CC /* DeveloperTestTests */,
				EFAA18DD1A356788004300CC /* Products */,
			);
			sourceTree = "<group>";
		};
		EFAA18DD1A356788004300CC /* Products */ = {
			isa = PBXGroup;
			children = (
				EFAA18DC1A356788004300CC /* DeveloperTest.app */,
				EFAA18F81A356788004300CC /* DeveloperTestTests.xctest */,
			);
			name = Products;
			sourceTree = "<group>";
		};
		EFAA18DE1A356788004300CC /* DeveloperTest */ = {
			isa = PBXGroup;
			children = (
				EFAA190A1A356986004300CC /* Model */,
				EFAA19091A356980004300CC /* View */,
				EFAA19081A356976004300CC /* Controller */,
				EFAA18EF1A356788004300CC /* Images.xcassets */,
				EFAA18F11A356788004300CC /* LaunchScreen.xib */,
				EFAA19561A36BD30004300CC /* AppDelegate.m */,
				EFAA19571A36BD30004300CC /* AppDelegate.h */,
				EFAA18DF1A356788004300CC /* Supporting Files */,
			);
			path = DeveloperTest;
			sourceTree = "<group>";
		};
		EFAA18DF1A356788004300CC /* Supporting Files */ = {
			isa = PBXGroup;
			children = (
				EFAA18E01A356788004300CC /* Info.plist */,
				EFAA18E11A356788004300CC /* main.m */,
				EFAA195A1A371E61004300CC /* Localizable.strings */,
			);
			name = "Supporting Files";
			sourceTree = "<group>";
		};
		EFAA18FB1A356788004300CC /* DeveloperTestTests */ = {
			isa = PBXGroup;
			children = (
				EFAA18FE1A356788004300CC /* DeveloperTestTests.m */,
				EFAA18FC1A356788004300CC /* Supporting Files */,
			);
			path = DeveloperTestTests;
			sourceTree = "<group>";
		};
		EFAA18FC1A356788004300CC /* Supporting Files */ = {
			isa = PBXGroup;
			children = (
				EFAA18FD1A356788004300CC /* Info.plist */,
			);
			name = "Supporting Files";
			sourceTree = "<group>";
		};
		EFAA19081A356976004300CC /* Controller */ = {
			isa = PBXGroup;
			children = (
				EFAA19171A357624004300CC /* StoreTableViewController.h */,
				EFAA19181A357624004300CC /* StoreTableViewController.m */,
				EFAA19621A383D60004300CC /* StoreTableViewController.xib */,
				EFAA191A1A357647004300CC /* StoreDetailsViewController.h */,
				EFAA191B1A357647004300CC /* StoreDetailsViewController.m */,
				EFAA19631A383D60004300CC /* StoreDetailsViewController.xib */,
				EFAA191D1A35765D004300CC /* WebViewController.h */,
				EFAA191E1A35765D004300CC /* WebViewController.m */,
				EFAA19611A383D60004300CC /* WebViewController.xib */,
			);
			name = Controller;
			sourceTree = "<group>";
		};
		EFAA19091A356980004300CC /* View */ = {
			isa = PBXGroup;
			children = (
				EFAA195C1A382E11004300CC /* StoreTableViewCell.h */,
				EFAA195D1A382E11004300CC /* StoreTableViewCell.m */,
				EFAA195E1A382E11004300CC /* StoreTableViewCell.xib */,
			);
			name = View;
			sourceTree = "<group>";
		};
		EFAA190A1A356986004300CC /* Model */ = {
			isa = PBXGroup;
			children = (
				EFAA19221A3584FF004300CC /* DeveloperTestModel.xcdatamodel */,
				EFAA19241A358543004300CC /* Store.h */,
				EFAA19251A358543004300CC /* Store.m */,
				EFAA193F1A35CF33004300CC /* StoreFetcher.h */,
				EFAA19401A35CF33004300CC /* StoreFetcher.m */,
				EFAA193E1A35CF33004300CC /* Store+Create.h */,
				EFAA19411A35CF33004300CC /* Store+Create.m */,
				EFAA193C1A35CF33004300CC /* ImageFetcher.h */,
				EFAA19421A35CF33004300CC /* ImageFetcher.m */,
				EFAA193D1A35CF33004300CC /* Notifications.h */,
				EFAA19431A35CF33004300CC /* Notifications.m */,
				EFAA19591A371E43004300CC /* LocalizedStrings.h */,
			);
			name = Model;
			sourceTree = "<group>";
		};
/* End PBXGroup section */

/* Begin PBXNativeTarget section */
		EFAA18DB1A356788004300CC /* DeveloperTest */ = {
			isa = PBXNativeTarget;
			buildConfigurationList = EFAA19021A356788004300CC /* Build configuration list for PBXNativeTarget "DeveloperTest" */;
			buildPhases = (
				EFAA18D81A356788004300CC /* Sources */,
				EFAA18D91A356788004300CC /* Frameworks */,
				EFAA18DA1A356788004300CC /* Resources */,
			);
			buildRules = (
			);
			dependencies = (
			);
			name = DeveloperTest;
			productName = DeveloperTest;
			productReference = EFAA18DC1A356788004300CC /* DeveloperTest.app */;
			productType = "com.apple.product-type.application";
		};
		EFAA18F71A356788004300CC /* DeveloperTestTests */ = {
			isa = PBXNativeTarget;
			buildConfigurationList = EFAA19051A356788004300CC /* Build configuration list for PBXNativeTarget "DeveloperTestTests" */;
			buildPhases = (
				EFAA18F41A356788004300CC /* Sources */,
				EFAA18F51A356788004300CC /* Frameworks */,
				EFAA18F61A356788004300CC /* Resources */,
			);
			buildRules = (
			);
			dependencies = (
				EFAA18FA1A356788004300CC /* PBXTargetDependency */,
			);
			name = DeveloperTestTests;
			productName = DeveloperTestTests;
			productReference = EFAA18F81A356788004300CC /* DeveloperTestTests.xctest */;
			productType = "com.apple.product-type.bundle.unit-test";
		};
/* End PBXNativeTarget section */

/* Begin PBXProject section */
		EFAA18D41A356788004300CC /* Project object */ = {
			isa = PBXProject;
			attributes = {
				LastUpgradeCheck = 0610;
				ORGANIZATIONNAME = Mera;
				TargetAttributes = {
					EFAA18DB1A356788004300CC = {
						CreatedOnToolsVersion = 6.1.1;
					};
					EFAA18F71A356788004300CC = {
						CreatedOnToolsVersion = 6.1.1;
						TestTargetID = EFAA18DB1A356788004300CC;
					};
				};
			};
			buildConfigurationList = EFAA18D71A356788004300CC /* Build configuration list for PBXProject "DeveloperTest" */;
			compatibilityVersion = "Xcode 3.2";
			developmentRegion = English;
			hasScannedForEncodings = 0;
			knownRegions = (
				en,
				Base,
			);
			mainGroup = EFAA18D31A356788004300CC;
			productRefGroup = EFAA18DD1A356788004300CC /* Products */;
			projectDirPath = "";
			projectRoot = "";
			targets = (
				EFAA18DB1A356788004300CC /* DeveloperTest */,
				EFAA18F71A356788004300CC /* DeveloperTestTests */,
			);
		};
/* End PBXProject section */

/* Begin PBXResourcesBuildPhase section */
		EFAA18DA1A356788004300CC /* Resources */ = {
			isa = PBXResourcesBuildPhase;
			buildActionMask = 2147483647;
			files = (
				EFAA195B1A371E61004300CC /* Localizable.strings in Resources */,
				EFAA18F31A356788004300CC /* LaunchScreen.xib in Resources */,
				EFAA18F01A356788004300CC /* Images.xcassets in Resources */,
				EFAA19661A383D60004300CC /* StoreDetailsViewController.xib in Resources */,
				EFAA19641A383D60004300CC /* WebViewController.xib in Resources */,
				EFAA19601A382E11004300CC /* StoreTableViewCell.xib in Resources */,
				EFAA19651A383D60004300CC /* StoreTableViewController.xib in Resources */,
			);
			runOnlyForDeploymentPostprocessing = 0;
		};
		EFAA18F61A356788004300CC /* Resources */ = {
			isa = PBXResourcesBuildPhase;
			buildActionMask = 2147483647;
			files = (
			);
			runOnlyForDeploymentPostprocessing = 0;
		};
/* End PBXResourcesBuildPhase section */

/* Begin PBXSourcesBuildPhase section */
		EFAA18D81A356788004300CC /* Sources */ = {
			isa = PBXSourcesBuildPhase;
			buildActionMask = 2147483647;
			files = (
				EFAA191F1A35765D004300CC /* WebViewController.m in Sources */,
				EFAA19471A35CF33004300CC /* Notifications.m in Sources */,
				EFAA19441A35CF33004300CC /* StoreFetcher.m in Sources */,
				EFAA19231A3584FF004300CC /* DeveloperTestModel.xcdatamodel in Sources */,
				EFAA19261A358543004300CC /* Store.m in Sources */,
				EFAA191C1A357647004300CC /* StoreDetailsViewController.m in Sources */,
				EFAA19581A36BD30004300CC /* AppDelegate.m in Sources */,
				EFAA195F1A382E11004300CC /* StoreTableViewCell.m in Sources */,
				EFAA19191A357624004300CC /* StoreTableViewController.m in Sources */,
				EFAA18E21A356788004300CC /* main.m in Sources */,
				EFAA19451A35CF33004300CC /* Store+Create.m in Sources */,
				EFAA19461A35CF33004300CC /* ImageFetcher.m in Sources */,
			);
			runOnlyForDeploymentPostprocessing = 0;
		};
		EFAA18F41A356788004300CC /* Sources */ = {
			isa = PBXSourcesBuildPhase;
			buildActionMask = 2147483647;
			files = (
				EFAA18FF1A356788004300CC /* DeveloperTestTests.m in Sources */,
			);
			runOnlyForDeploymentPostprocessing = 0;
		};
/* End PBXSourcesBuildPhase section */

/* Begin PBXTargetDependency section */
		EFAA18FA1A356788004300CC /* PBXTargetDependency */ = {
			isa = PBXTargetDependency;
			target = EFAA18DB1A356788004300CC /* DeveloperTest */;
			targetProxy = EFAA18F91A356788004300CC /* PBXContainerItemProxy */;
		};
/* End PBXTargetDependency section */

/* Begin PBXVariantGroup section */
		EFAA18F11A356788004300CC /* LaunchScreen.xib */ = {
			isa = PBXVariantGroup;
			children = (
				EFAA18F21A356788004300CC /* Base */,
			);
			name = LaunchScreen.xib;
			sourceTree = "<group>";
		};
/* End PBXVariantGroup section */

/* Begin XCBuildConfiguration section */
		EFAA19001A356788004300CC /* Debug */ = {
			isa = XCBuildConfiguration;
			buildSettings = {
				ALWAYS_SEARCH_USER_PATHS = NO;
				CLANG_CXX_LANGUAGE_STANDARD = "gnu++0x";
				CLANG_CXX_LIBRARY = "libc++";
				CLANG_ENABLE_MODULES = YES;
				CLANG_ENABLE_OBJC_ARC = YES;
				CLANG_WARN_BOOL_CONVERSION = YES;
				CLANG_WARN_CONSTANT_CONVERSION = YES;
				CLANG_WARN_DIRECT_OBJC_ISA_USAGE = YES_ERROR;
				CLANG_WARN_EMPTY_BODY = YES;
				CLANG_WARN_ENUM_CONVERSION = YES;
				CLANG_WARN_INT_CONVERSION = YES;
				CLANG_WARN_OBJC_ROOT_CLASS = YES_ERROR;
				CLANG_WARN_UNREACHABLE_CODE = YES;
				CLANG_WARN__DUPLICATE_METHOD_MATCH = YES;
				"CODE_SIGN_IDENTITY[sdk=iphoneos*]" = "iPhone Developer";
				COPY_PHASE_STRIP = NO;
				ENABLE_STRICT_OBJC_MSGSEND = YES;
				GCC_C_LANGUAGE_STANDARD = gnu99;
				GCC_DYNAMIC_NO_PIC = NO;
				GCC_OPTIMIZATION_LEVEL = 0;
				GCC_PREPROCESSOR_DEFINITIONS = (
					"DEBUG=1",
					"$(inherited)",
				);
				GCC_SYMBOLS_PRIVATE_EXTERN = NO;
				GCC_WARN_64_TO_32_BIT_CONVERSION = YES;
				GCC_WARN_ABOUT_RETURN_TYPE = YES_ERROR;
				GCC_WARN_UNDECLARED_SELECTOR = YES;
				GCC_WARN_UNINITIALIZED_AUTOS = YES_AGGRESSIVE;
				GCC_WARN_UNUSED_FUNCTION = YES;
				GCC_WARN_UNUSED_VARIABLE = YES;
				IPHONEOS_DEPLOYMENT_TARGET = 8.1;
				MTL_ENABLE_DEBUG_INFO = YES;
				ONLY_ACTIVE_ARCH = YES;
				SDKROOT = iphoneos;
			};
			name = Debug;
		};
		EFAA19011A356788004300CC /* Release */ = {
			isa = XCBuildConfiguration;
			buildSettings = {
				ALWAYS_SEARCH_USER_PATHS = NO;
				CLANG_CXX_LANGUAGE_STANDARD = "gnu++0x";
				CLANG_CXX_LIBRARY = "libc++";
				CLANG_ENABLE_MODULES = YES;
				CLANG_ENABLE_OBJC_ARC = YES;
				CLANG_WARN_BOOL_CONVERSION = YES;
				CLANG_WARN_CONSTANT_CONVERSION = YES;
				CLANG_WARN_DIRECT_OBJC_ISA_USAGE = YES_ERROR;
				CLANG_WARN_EMPTY_BODY = YES;
				CLANG_WARN_ENUM_CONVERSION = YES;
				CLANG_WARN_INT_CONVERSION = YES;
				CLANG_WARN_OBJC_ROOT_CLASS = YES_ERROR;
				CLANG_WARN_UNREACHABLE_CODE = YES;
				CLANG_WARN__DUPLICATE_METHOD_MATCH = YES;
				"CODE_SIGN_IDENTITY[sdk=iphoneos*]" = "iPhone Developer";
				COPY_PHASE_STRIP = YES;
				ENABLE_NS_ASSERTIONS = NO;
				ENABLE_STRICT_OBJC_MSGSEND = YES;
				GCC_C_LANGUAGE_STANDARD = gnu99;
				GCC_WARN_64_TO_32_BIT_CONVERSION = YES;
				GCC_WARN_ABOUT_RETURN_TYPE = YES_ERROR;
				GCC_WARN_UNDECLARED_SELECTOR = YES;
				GCC_WARN_UNINITIALIZED_AUTOS = YES_AGGRESSIVE;
				GCC_WARN_UNUSED_FUNCTION = YES;
				GCC_WARN_UNUSED_VARIABLE = YES;
				IPHONEOS_DEPLOYMENT_TARGET = 8.1;
				MTL_ENABLE_DEBUG_INFO = NO;
				SDKROOT = iphoneos;
				VALIDATE_PRODUCT = YES;
			};
			name = Release;
		};
		EFAA19031A356788004300CC /* Debug */ = {
			isa = XCBuildConfiguration;
			buildSettings = {
				ASSETCATALOG_COMPILER_APPICON_NAME = AppIcon;
				ASSETCATALOG_COMPILER_LAUNCHIMAGE_NAME = LaunchImage;
				CLANG_ENABLE_OBJC_ARC = NO;
				INFOPLIST_FILE = DeveloperTest/Info.plist;
				IPHONEOS_DEPLOYMENT_TARGET = 7.1;
				LD_RUNPATH_SEARCH_PATHS = "$(inherited) @executable_path/Frameworks";
				PRODUCT_NAME = "$(TARGET_NAME)";
				TARGETED_DEVICE_FAMILY = "1,2";
			};
			name = Debug;
		};
		EFAA19041A356788004300CC /* Release */ = {
			isa = XCBuildConfiguration;
			buildSettings = {
				ASSETCATALOG_COMPILER_APPICON_NAME = AppIcon;
				ASSETCATALOG_COMPILER_LAUNCHIMAGE_NAME = LaunchImage;
				CLANG_ENABLE_OBJC_ARC = NO;
				INFOPLIST_FILE = DeveloperTest/Info.plist;
				IPHONEOS_DEPLOYMENT_TARGET = 7.1;
				LD_RUNPATH_SEARCH_PATHS = "$(inherited) @executable_path/Frameworks";
				PRODUCT_NAME = "$(TARGET_NAME)";
				TARGETED_DEVICE_FAMILY = "1,2";
			};
			name = Release;
		};
		EFAA19061A356788004300CC /* Debug */ = {
			isa = XCBuildConfiguration;
			buildSettings = {
				BUNDLE_LOADER = "$(TEST_HOST)";
				FRAMEWORK_SEARCH_PATHS = (
					"$(SDKROOT)/Developer/Library/Frameworks",
					"$(inherited)",
				);
				GCC_PREPROCESSOR_DEFINITIONS = (
					"DEBUG=1",
					"$(inherited)",
				);
				INFOPLIST_FILE = DeveloperTestTests/Info.plist;
				LD_RUNPATH_SEARCH_PATHS = "$(inherited) @executable_path/Frameworks @loader_path/Frameworks";
				PRODUCT_NAME = "$(TARGET_NAME)";
				TEST_HOST = "$(BUILT_PRODUCTS_DIR)/DeveloperTest.app/DeveloperTest";
			};
			name = Debug;
		};
		EFAA19071A356788004300CC /* Release */ = {
			isa = XCBuildConfiguration;
			buildSettings = {
				BUNDLE_LOADER = "$(TEST_HOST)";
				FRAMEWORK_SEARCH_PATHS = (
					"$(SDKROOT)/Developer/Library/Frameworks",
					"$(inherited)",
				);
				INFOPLIST_FILE = DeveloperTestTests/Info.plist;
				LD_RUNPATH_SEARCH_PATHS = "$(inherited) @executable_path/Frameworks @loader_path/Frameworks";
				PRODUCT_NAME = "$(TARGET_NAME)";
				TEST_HOST = "$(BUILT_PRODUCTS_DIR)/DeveloperTest.app/DeveloperTest";
			};
			name = Release;
		};
/* End XCBuildConfiguration section */

/* Begin XCConfigurationList section */
		EFAA18D71A356788004300CC /* Build configuration list for PBXProject "DeveloperTest" */ = {
			isa = XCConfigurationList;
			buildConfigurations = (
				EFAA19001A356788004300CC /* Debug */,
				EFAA19011A356788004300CC /* Release */,
			);
			defaultConfigurationIsVisible = 0;
			defaultConfigurationName = Release;
		};
		EFAA19021A356788004300CC /* Build configuration list for PBXNativeTarget "DeveloperTest" */ = {
			isa = XCConfigurationList;
			buildConfigurations = (
				EFAA19031A356788004300CC /* Debug */,
				EFAA19041A356788004300CC /* Release */,
			);
			defaultConfigurationIsVisible = 0;
			defaultConfigurationName = Release;
		};
		EFAA19051A356788004300CC /* Build configuration list for PBXNativeTarget "DeveloperTestTests" */ = {
			isa = XCConfigurationList;
			buildConfigurations = (
				EFAA19061A356788004300CC /* Debug */,
				EFAA19071A356788004300CC /* Release */,
			);
			defaultConfigurationIsVisible = 0;
			defaultConfigurationName = Release;
		};
/* End XCConfigurationList section */
	};
	rootObject = EFAA18D41A356788004300CC /* Project object */;
}
